
Microsoft Visual Studio Solution File, Format Version 12.00
# Visual Studio Version 17
VisualStudioVersion = 17.7.34031.279
MinimumVisualStudioVersion = 10.0.40219.1
Project("{888888A0-9F3D-457C-B088-3A5042F75D52}") = "task10", "task10\task10.pyproj", "{C1C89E21-5152-4E01-944B-B87CB3490171}"
EndProject
Global
	GlobalSection(SolutionConfigurationPlatforms) = preSolution
		Debug|Any CPU = Debug|Any CPU
		Release|Any CPU = Release|Any CPU
	EndGlobalSection
	GlobalSection(ProjectConfigurationPlatforms) = postSolution
		{C1C89E21-5152-4E01-944B-B87CB3490171}.Debug|Any CPU.ActiveCfg = Debug|Any CPU
		{C1C89E21-5152-4E01-944B-B87CB3490171}.Release|Any CPU.ActiveCfg = Release|Any CPU
	EndGlobalSection
	GlobalSection(SolutionProperties) = preSolution
		HideSolutionNode = FALSE
	EndGlobalSection
	GlobalSection(ExtensibilityGlobals) = postSolution
		SolutionGuid = {F4A7F11F-0548-4630-ACC6-4A8AF32ECC7A}
	EndGlobalSection
EndGlobal
