
Microsoft Visual Studio Solution File, Format Version 12.00
# Visual Studio Version 17
VisualStudioVersion = 17.7.34031.279
MinimumVisualStudioVersion = 10.0.40219.1
Project("{888888A0-9F3D-457C-B088-3A5042F75D52}") = "task11", "task11\task11.pyproj", "{B6450651-ED2B-4E84-8544-88EAB0F7FB2D}"
EndProject
Global
	GlobalSection(SolutionConfigurationPlatforms) = preSolution
		Debug|Any CPU = Debug|Any CPU
		Release|Any CPU = Release|Any CPU
	EndGlobalSection
	GlobalSection(ProjectConfigurationPlatforms) = postSolution
		{B6450651-ED2B-4E84-8544-88EAB0F7FB2D}.Debug|Any CPU.ActiveCfg = Debug|Any CPU
		{B6450651-ED2B-4E84-8544-88EAB0F7FB2D}.Release|Any CPU.ActiveCfg = Release|Any CPU
	EndGlobalSection
	GlobalSection(SolutionProperties) = preSolution
		HideSolutionNode = FALSE
	EndGlobalSection
	GlobalSection(ExtensibilityGlobals) = postSolution
		SolutionGuid = {54C9DD43-11C0-40E1-A98B-272D73AEA464}
	EndGlobalSection
EndGlobal
